
Microsoft Visual Studio Solution File, Format Version 12.00
# Visual Studio Version 17
VisualStudioVersion = 17.4.33213.308
MinimumVisualStudioVersion = 10.0.40219.1
Project("{9A19103F-16F7-4668-BE54-9A1E7A4F7556}") = "DemoUnitTest.BusinessLogic", "DemoUnitTest.BusinessLogic.csproj", "{748DD7AD-DA0B-4A2C-BC57-C9ABC625D309}"
EndProject
Project("{9A19103F-16F7-4668-BE54-9A1E7A4F7556}") = "DemoUnitTest.MSTest", "..\DemoUnitTest.MSTest\DemoUnitTest.MSTest.csproj", "{42A78E12-6706-475D-BEF2-FEACA44155C1}"
EndProject
Project("{9A19103F-16F7-4668-BE54-9A1E7A4F7556}") = "DemoUnitTest.NUnit", "..\DemoUnitTest.NUnit\DemoUnitTest.NUnit.csproj", "{F90B22AB-86F4-486F-B695-9B371B72F8DE}"
EndProject
Project("{9A19103F-16F7-4668-BE54-9A1E7A4F7556}") = "DemoUnitTest.XUnit", "..\DemoUnitTest.XUnit\DemoUnitTest.XUnit.csproj", "{537FC883-C17F-4D07-86E6-DA23BDC77E54}"
EndProject
Project("{2150E333-8FDC-42A3-9474-1A3956D46DE8}") = "Basic Foundation", "Basic Foundation", "{380500A8-03F5-4AD7-A7F7-D08CD8F818E9}"
EndProject
Project("{2150E333-8FDC-42A3-9474-1A3956D46DE8}") = "Bongo", "Bongo", "{1922FA53-9FC4-4E94-A6F7-61EF2F43A67D}"
EndProject
Project("{9A19103F-16F7-4668-BE54-9A1E7A4F7556}") = "Bongo.Core", "..\Bongo\Bongo.Core\Bongo.Core.csproj", "{D1AD4183-00C8-4A0B-98D2-8DCF6A82B3D2}"
EndProject
Project("{9A19103F-16F7-4668-BE54-9A1E7A4F7556}") = "Bongo.DataAccess", "..\Bongo\Bongo.DataAccess\Bongo.DataAccess.csproj", "{F9030707-BF01-4965-B26D-CC854658FFFD}"
EndProject
Project("{9A19103F-16F7-4668-BE54-9A1E7A4F7556}") = "Bongo.Models", "..\Bongo\Bongo.Models\Bongo.Models.csproj", "{ECB77F17-97B5-420B-B027-B473E0D6178F}"
EndProject
Project("{9A19103F-16F7-4668-BE54-9A1E7A4F7556}") = "Bongo.Web", "..\Bongo\Bongo.Web\Bongo.Web.csproj", "{05112764-6BA5-41E7-8F92-9AB2EB34D2F9}"
EndProject
Project("{FAE04EC0-301F-11D3-BF4B-00C04F79EFBC}") = "Bongo.Model.Test", "..\Bongo.Model.Test\Bongo.Model.Test.csproj", "{76E6004D-BE92-42FE-A2AD-C1B428AB770A}"
EndProject
Project("{FAE04EC0-301F-11D3-BF4B-00C04F79EFBC}") = "Bongo.DataAccess.Test", "..\Bongo.DataAccess.Test\Bongo.DataAccess.Test.csproj", "{8655A9B9-3727-42D8-9C8C-7A11F52FD34B}"
EndProject
Project("{2150E333-8FDC-42A3-9474-1A3956D46DE8}") = "UnitTest", "UnitTest", "{DDAD7D18-2EEA-49B8-A404-B14DD6B27807}"
EndProject
Project("{FAE04EC0-301F-11D3-BF4B-00C04F79EFBC}") = "Bongo.Core.Test", "..\Bongo.Core.Test\Bongo.Core.Test.csproj", "{80EB7764-E141-42F8-BC33-9C3A19816A83}"
EndProject
Project("{FAE04EC0-301F-11D3-BF4B-00C04F79EFBC}") = "Bongo.Web.Test", "..\Bongo.Web.Test\Bongo.Web.Test.csproj", "{AFB433F3-EE96-4D6F-86AA-31E1EB4EE1A3}"
EndProject
Global
	GlobalSection(SolutionConfigurationPlatforms) = preSolution
		Debug|Any CPU = Debug|Any CPU
		Release|Any CPU = Release|Any CPU
	EndGlobalSection
	GlobalSection(ProjectConfigurationPlatforms) = postSolution
		{748DD7AD-DA0B-4A2C-BC57-C9ABC625D309}.Debug|Any CPU.ActiveCfg = Debug|Any CPU
		{748DD7AD-DA0B-4A2C-BC57-C9ABC625D309}.Debug|Any CPU.Build.0 = Debug|Any CPU
		{748DD7AD-DA0B-4A2C-BC57-C9ABC625D309}.Release|Any CPU.ActiveCfg = Release|Any CPU
		{748DD7AD-DA0B-4A2C-BC57-C9ABC625D309}.Release|Any CPU.Build.0 = Release|Any CPU
		{42A78E12-6706-475D-BEF2-FEACA44155C1}.Debug|Any CPU.ActiveCfg = Debug|Any CPU
		{42A78E12-6706-475D-BEF2-FEACA44155C1}.Debug|Any CPU.Build.0 = Debug|Any CPU
		{42A78E12-6706-475D-BEF2-FEACA44155C1}.Release|Any CPU.ActiveCfg = Release|Any CPU
		{42A78E12-6706-475D-BEF2-FEACA44155C1}.Release|Any CPU.Build.0 = Release|Any CPU
		{F90B22AB-86F4-486F-B695-9B371B72F8DE}.Debug|Any CPU.ActiveCfg = Debug|Any CPU
		{F90B22AB-86F4-486F-B695-9B371B72F8DE}.Debug|Any CPU.Build.0 = Debug|Any CPU
		{F90B22AB-86F4-486F-B695-9B371B72F8DE}.Release|Any CPU.ActiveCfg = Release|Any CPU
		{F90B22AB-86F4-486F-B695-9B371B72F8DE}.Release|Any CPU.Build.0 = Release|Any CPU
		{537FC883-C17F-4D07-86E6-DA23BDC77E54}.Debug|Any CPU.ActiveCfg = Debug|Any CPU
		{537FC883-C17F-4D07-86E6-DA23BDC77E54}.Debug|Any CPU.Build.0 = Debug|Any CPU
		{537FC883-C17F-4D07-86E6-DA23BDC77E54}.Release|Any CPU.ActiveCfg = Release|Any CPU
		{537FC883-C17F-4D07-86E6-DA23BDC77E54}.Release|Any CPU.Build.0 = Release|Any CPU
		{D1AD4183-00C8-4A0B-98D2-8DCF6A82B3D2}.Debug|Any CPU.ActiveCfg = Debug|Any CPU
		{D1AD4183-00C8-4A0B-98D2-8DCF6A82B3D2}.Debug|Any CPU.Build.0 = Debug|Any CPU
		{D1AD4183-00C8-4A0B-98D2-8DCF6A82B3D2}.Release|Any CPU.ActiveCfg = Release|Any CPU
		{D1AD4183-00C8-4A0B-98D2-8DCF6A82B3D2}.Release|Any CPU.Build.0 = Release|Any CPU
		{F9030707-BF01-4965-B26D-CC854658FFFD}.Debug|Any CPU.ActiveCfg = Debug|Any CPU
		{F9030707-BF01-4965-B26D-CC854658FFFD}.Debug|Any CPU.Build.0 = Debug|Any CPU
		{F9030707-BF01-4965-B26D-CC854658FFFD}.Release|Any CPU.ActiveCfg = Release|Any CPU
		{F9030707-BF01-4965-B26D-CC854658FFFD}.Release|Any CPU.Build.0 = Release|Any CPU
		{ECB77F17-97B5-420B-B027-B473E0D6178F}.Debug|Any CPU.ActiveCfg = Debug|Any CPU
		{ECB77F17-97B5-420B-B027-B473E0D6178F}.Debug|Any CPU.Build.0 = Debug|Any CPU
		{ECB77F17-97B5-420B-B027-B473E0D6178F}.Release|Any CPU.ActiveCfg = Release|Any CPU
		{ECB77F17-97B5-420B-B027-B473E0D6178F}.Release|Any CPU.Build.0 = Release|Any CPU
		{05112764-6BA5-41E7-8F92-9AB2EB34D2F9}.Debug|Any CPU.ActiveCfg = Debug|Any CPU
		{05112764-6BA5-41E7-8F92-9AB2EB34D2F9}.Debug|Any CPU.Build.0 = Debug|Any CPU
		{05112764-6BA5-41E7-8F92-9AB2EB34D2F9}.Release|Any CPU.ActiveCfg = Release|Any CPU
		{05112764-6BA5-41E7-8F92-9AB2EB34D2F9}.Release|Any CPU.Build.0 = Release|Any CPU
		{76E6004D-BE92-42FE-A2AD-C1B428AB770A}.Debug|Any CPU.ActiveCfg = Debug|Any CPU
		{76E6004D-BE92-42FE-A2AD-C1B428AB770A}.Debug|Any CPU.Build.0 = Debug|Any CPU
		{76E6004D-BE92-42FE-A2AD-C1B428AB770A}.Release|Any CPU.ActiveCfg = Release|Any CPU
		{76E6004D-BE92-42FE-A2AD-C1B428AB770A}.Release|Any CPU.Build.0 = Release|Any CPU
		{8655A9B9-3727-42D8-9C8C-7A11F52FD34B}.Debug|Any CPU.ActiveCfg = Debug|Any CPU
		{8655A9B9-3727-42D8-9C8C-7A11F52FD34B}.Debug|Any CPU.Build.0 = Debug|Any CPU
		{8655A9B9-3727-42D8-9C8C-7A11F52FD34B}.Release|Any CPU.ActiveCfg = Release|Any CPU
		{8655A9B9-3727-42D8-9C8C-7A11F52FD34B}.Release|Any CPU.Build.0 = Release|Any CPU
		{80EB7764-E141-42F8-BC33-9C3A19816A83}.Debug|Any CPU.ActiveCfg = Debug|Any CPU
		{80EB7764-E141-42F8-BC33-9C3A19816A83}.Debug|Any CPU.Build.0 = Debug|Any CPU
		{80EB7764-E141-42F8-BC33-9C3A19816A83}.Release|Any CPU.ActiveCfg = Release|Any CPU
		{80EB7764-E141-42F8-BC33-9C3A19816A83}.Release|Any CPU.Build.0 = Release|Any CPU
		{AFB433F3-EE96-4D6F-86AA-31E1EB4EE1A3}.Debug|Any CPU.ActiveCfg = Debug|Any CPU
		{AFB433F3-EE96-4D6F-86AA-31E1EB4EE1A3}.Debug|Any CPU.Build.0 = Debug|Any CPU
		{AFB433F3-EE96-4D6F-86AA-31E1EB4EE1A3}.Release|Any CPU.ActiveCfg = Release|Any CPU
		{AFB433F3-EE96-4D6F-86AA-31E1EB4EE1A3}.Release|Any CPU.Build.0 = Release|Any CPU
	EndGlobalSection
	GlobalSection(SolutionProperties) = preSolution
		HideSolutionNode = FALSE
	EndGlobalSection
	GlobalSection(NestedProjects) = preSolution
		{748DD7AD-DA0B-4A2C-BC57-C9ABC625D309} = {380500A8-03F5-4AD7-A7F7-D08CD8F818E9}
		{42A78E12-6706-475D-BEF2-FEACA44155C1} = {380500A8-03F5-4AD7-A7F7-D08CD8F818E9}
		{F90B22AB-86F4-486F-B695-9B371B72F8DE} = {380500A8-03F5-4AD7-A7F7-D08CD8F818E9}
		{537FC883-C17F-4D07-86E6-DA23BDC77E54} = {380500A8-03F5-4AD7-A7F7-D08CD8F818E9}
		{D1AD4183-00C8-4A0B-98D2-8DCF6A82B3D2} = {1922FA53-9FC4-4E94-A6F7-61EF2F43A67D}
		{F9030707-BF01-4965-B26D-CC854658FFFD} = {1922FA53-9FC4-4E94-A6F7-61EF2F43A67D}
		{ECB77F17-97B5-420B-B027-B473E0D6178F} = {1922FA53-9FC4-4E94-A6F7-61EF2F43A67D}
		{05112764-6BA5-41E7-8F92-9AB2EB34D2F9} = {1922FA53-9FC4-4E94-A6F7-61EF2F43A67D}
		{76E6004D-BE92-42FE-A2AD-C1B428AB770A} = {DDAD7D18-2EEA-49B8-A404-B14DD6B27807}
		{8655A9B9-3727-42D8-9C8C-7A11F52FD34B} = {DDAD7D18-2EEA-49B8-A404-B14DD6B27807}
		{DDAD7D18-2EEA-49B8-A404-B14DD6B27807} = {1922FA53-9FC4-4E94-A6F7-61EF2F43A67D}
		{80EB7764-E141-42F8-BC33-9C3A19816A83} = {DDAD7D18-2EEA-49B8-A404-B14DD6B27807}
		{AFB433F3-EE96-4D6F-86AA-31E1EB4EE1A3} = {DDAD7D18-2EEA-49B8-A404-B14DD6B27807}
	EndGlobalSection
	GlobalSection(ExtensibilityGlobals) = postSolution
		SolutionGuid = {CB7999DD-C277-42F8-9E17-58B696DDEEB2}
	EndGlobalSection
EndGlobal
